// !$*UTF8*$!
{
	archiveVersion = 1;
	classes = {
	};
	objectVersion = 56;
	objects = {

/* Begin PBXBuildFile section */
		6F2274282B6A4021003E5924 /* CityWeatherApp.swift in Sources */ = {isa = PBXBuildFile; fileRef = 6F2274272B6A4021003E5924 /* CityWeatherApp.swift */; };
		6F22742A2B6A4021003E5924 /* ContentView.swift in Sources */ = {isa = PBXBuildFile; fileRef = 6F2274292B6A4021003E5924 /* ContentView.swift */; };
		6F22742C2B6A4023003E5924 /* Assets.xcassets in Resources */ = {isa = PBXBuildFile; fileRef = 6F22742B2B6A4023003E5924 /* Assets.xcassets */; };
		6F22742F2B6A4023003E5924 /* Preview Assets.xcassets in Resources */ = {isa = PBXBuildFile; fileRef = 6F22742E2B6A4023003E5924 /* Preview Assets.xcassets */; };
		6F2274392B6A4023003E5924 /* CityWeatherTests.swift in Sources */ = {isa = PBXBuildFile; fileRef = 6F2274382B6A4023003E5924 /* CityWeatherTests.swift */; };
		6F2274432B6A4023003E5924 /* CityWeatherUITests.swift in Sources */ = {isa = PBXBuildFile; fileRef = 6F2274422B6A4023003E5924 /* CityWeatherUITests.swift */; };
		6F2274452B6A4023003E5924 /* CityWeatherUITestsLaunchTests.swift in Sources */ = {isa = PBXBuildFile; fileRef = 6F2274442B6A4023003E5924 /* CityWeatherUITestsLaunchTests.swift */; };
		6F2274572B6A48EE003E5924 /* NetworkServiceProtocol.swift in Sources */ = {isa = PBXBuildFile; fileRef = 6F2274562B6A48EE003E5924 /* NetworkServiceProtocol.swift */; };
		6F22745A2B6A4985003E5924 /* Moya in Frameworks */ = {isa = PBXBuildFile; productRef = 6F2274592B6A4985003E5924 /* Moya */; };
		6F22745C2B6A4985003E5924 /* RxMoya in Frameworks */ = {isa = PBXBuildFile; productRef = 6F22745B2B6A4985003E5924 /* RxMoya */; };
		6F22745F2B6A49DB003E5924 /* NSWeather.swift in Sources */ = {isa = PBXBuildFile; fileRef = 6F22745E2B6A49DB003E5924 /* NSWeather.swift */; };
		6F2274642B6A4B9D003E5924 /* WeatherTarget.swift in Sources */ = {isa = PBXBuildFile; fileRef = 6F2274632B6A4B9D003E5924 /* WeatherTarget.swift */; };
		6F2274662B6A4D56003E5924 /* API.swift in Sources */ = {isa = PBXBuildFile; fileRef = 6F2274652B6A4D56003E5924 /* API.swift */; };
		6F2274692B6A5A44003E5924 /* WeathersList.swift in Sources */ = {isa = PBXBuildFile; fileRef = 6F2274682B6A5A44003E5924 /* WeathersList.swift */; };
		6F22746B2B6A5BC6003E5924 /* Weather.swift in Sources */ = {isa = PBXBuildFile; fileRef = 6F22746A2B6A5BC6003E5924 /* Weather.swift */; };
		6F22746D2B6A5BD7003E5924 /* City.swift in Sources */ = {isa = PBXBuildFile; fileRef = 6F22746C2B6A5BD7003E5924 /* City.swift */; };
		6F22746F2B6A5EAE003E5924 /* Athmosphere.swift in Sources */ = {isa = PBXBuildFile; fileRef = 6F22746E2B6A5EAE003E5924 /* Athmosphere.swift */; };
		6F2274712B6A896D003E5924 /* ReadableWeather.swift in Sources */ = {isa = PBXBuildFile; fileRef = 6F2274702B6A896D003E5924 /* ReadableWeather.swift */; };
		6F2274732B6A8B99003E5924 /* Clouds.swift in Sources */ = {isa = PBXBuildFile; fileRef = 6F2274722B6A8B99003E5924 /* Clouds.swift */; };
		6F2274752B6A8BA6003E5924 /* Wind.swift in Sources */ = {isa = PBXBuildFile; fileRef = 6F2274742B6A8BA6003E5924 /* Wind.swift */; };
/* End PBXBuildFile section */

/* Begin PBXContainerItemProxy section */
		6F2274352B6A4023003E5924 /* PBXContainerItemProxy */ = {
			isa = PBXContainerItemProxy;
			containerPortal = 6F22741C2B6A4021003E5924 /* Project object */;
			proxyType = 1;
			remoteGlobalIDString = 6F2274232B6A4021003E5924;
			remoteInfo = CityWeather;
		};
		6F22743F2B6A4023003E5924 /* PBXContainerItemProxy */ = {
			isa = PBXContainerItemProxy;
			containerPortal = 6F22741C2B6A4021003E5924 /* Project object */;
			proxyType = 1;
			remoteGlobalIDString = 6F2274232B6A4021003E5924;
			remoteInfo = CityWeather;
		};
/* End PBXContainerItemProxy section */

/* Begin PBXFileReference section */
		6F2274242B6A4021003E5924 /* CityWeather.app */ = {isa = PBXFileReference; explicitFileType = wrapper.application; includeInIndex = 0; path = CityWeather.app; sourceTree = BUILT_PRODUCTS_DIR; };
		6F2274272B6A4021003E5924 /* CityWeatherApp.swift */ = {isa = PBXFileReference; lastKnownFileType = sourcecode.swift; path = CityWeatherApp.swift; sourceTree = "<group>"; };
		6F2274292B6A4021003E5924 /* ContentView.swift */ = {isa = PBXFileReference; lastKnownFileType = sourcecode.swift; path = ContentView.swift; sourceTree = "<group>"; };
		6F22742B2B6A4023003E5924 /* Assets.xcassets */ = {isa = PBXFileReference; lastKnownFileType = folder.assetcatalog; path = Assets.xcassets; sourceTree = "<group>"; };
		6F22742E2B6A4023003E5924 /* Preview Assets.xcassets */ = {isa = PBXFileReference; lastKnownFileType = folder.assetcatalog; path = "Preview Assets.xcassets"; sourceTree = "<group>"; };
		6F2274342B6A4023003E5924 /* CityWeatherTests.xctest */ = {isa = PBXFileReference; explicitFileType = wrapper.cfbundle; includeInIndex = 0; path = CityWeatherTests.xctest; sourceTree = BUILT_PRODUCTS_DIR; };
		6F2274382B6A4023003E5924 /* CityWeatherTests.swift */ = {isa = PBXFileReference; lastKnownFileType = sourcecode.swift; path = CityWeatherTests.swift; sourceTree = "<group>"; };
		6F22743E2B6A4023003E5924 /* CityWeatherUITests.xctest */ = {isa = PBXFileReference; explicitFileType = wrapper.cfbundle; includeInIndex = 0; path = CityWeatherUITests.xctest; sourceTree = BUILT_PRODUCTS_DIR; };
		6F2274422B6A4023003E5924 /* CityWeatherUITests.swift */ = {isa = PBXFileReference; lastKnownFileType = sourcecode.swift; path = CityWeatherUITests.swift; sourceTree = "<group>"; };
		6F2274442B6A4023003E5924 /* CityWeatherUITestsLaunchTests.swift */ = {isa = PBXFileReference; lastKnownFileType = sourcecode.swift; path = CityWeatherUITestsLaunchTests.swift; sourceTree = "<group>"; };
		6F2274562B6A48EE003E5924 /* NetworkServiceProtocol.swift */ = {isa = PBXFileReference; lastKnownFileType = sourcecode.swift; path = NetworkServiceProtocol.swift; sourceTree = "<group>"; };
		6F22745E2B6A49DB003E5924 /* NSWeather.swift */ = {isa = PBXFileReference; lastKnownFileType = sourcecode.swift; path = NSWeather.swift; sourceTree = "<group>"; };
		6F2274632B6A4B9D003E5924 /* WeatherTarget.swift */ = {isa = PBXFileReference; lastKnownFileType = sourcecode.swift; path = WeatherTarget.swift; sourceTree = "<group>"; };
		6F2274652B6A4D56003E5924 /* API.swift */ = {isa = PBXFileReference; lastKnownFileType = sourcecode.swift; path = API.swift; sourceTree = "<group>"; };
		6F2274682B6A5A44003E5924 /* WeathersList.swift */ = {isa = PBXFileReference; lastKnownFileType = sourcecode.swift; path = WeathersList.swift; sourceTree = "<group>"; };
		6F22746A2B6A5BC6003E5924 /* Weather.swift */ = {isa = PBXFileReference; lastKnownFileType = sourcecode.swift; path = Weather.swift; sourceTree = "<group>"; };
		6F22746C2B6A5BD7003E5924 /* City.swift */ = {isa = PBXFileReference; lastKnownFileType = sourcecode.swift; path = City.swift; sourceTree = "<group>"; };
		6F22746E2B6A5EAE003E5924 /* Athmosphere.swift */ = {isa = PBXFileReference; lastKnownFileType = sourcecode.swift; path = Athmosphere.swift; sourceTree = "<group>"; };
		6F2274702B6A896D003E5924 /* ReadableWeather.swift */ = {isa = PBXFileReference; lastKnownFileType = sourcecode.swift; path = ReadableWeather.swift; sourceTree = "<group>"; };
		6F2274722B6A8B99003E5924 /* Clouds.swift */ = {isa = PBXFileReference; lastKnownFileType = sourcecode.swift; path = Clouds.swift; sourceTree = "<group>"; };
		6F2274742B6A8BA6003E5924 /* Wind.swift */ = {isa = PBXFileReference; lastKnownFileType = sourcecode.swift; path = Wind.swift; sourceTree = "<group>"; };
/* End PBXFileReference section */

/* Begin PBXFrameworksBuildPhase section */
		6F2274212B6A4021003E5924 /* Frameworks */ = {
			isa = PBXFrameworksBuildPhase;
			buildActionMask = 2147483647;
			files = (
				6F22745C2B6A4985003E5924 /* RxMoya in Frameworks */,
				6F22745A2B6A4985003E5924 /* Moya in Frameworks */,
			);
			runOnlyForDeploymentPostprocessing = 0;
		};
		6F2274312B6A4023003E5924 /* Frameworks */ = {
			isa = PBXFrameworksBuildPhase;
			buildActionMask = 2147483647;
			files = (
			);
			runOnlyForDeploymentPostprocessing = 0;
		};
		6F22743B2B6A4023003E5924 /* Frameworks */ = {
			isa = PBXFrameworksBuildPhase;
			buildActionMask = 2147483647;
			files = (
			);
			runOnlyForDeploymentPostprocessing = 0;
		};
/* End PBXFrameworksBuildPhase section */

/* Begin PBXGroup section */
		6F22741B2B6A4021003E5924 = {
			isa = PBXGroup;
			children = (
				6F2274262B6A4021003E5924 /* CityWeather */,
				6F2274372B6A4023003E5924 /* CityWeatherTests */,
				6F2274412B6A4023003E5924 /* CityWeatherUITests */,
				6F2274252B6A4021003E5924 /* Products */,
			);
			sourceTree = "<group>";
		};
		6F2274252B6A4021003E5924 /* Products */ = {
			isa = PBXGroup;
			children = (
				6F2274242B6A4021003E5924 /* CityWeather.app */,
				6F2274342B6A4023003E5924 /* CityWeatherTests.xctest */,
				6F22743E2B6A4023003E5924 /* CityWeatherUITests.xctest */,
			);
			name = Products;
			sourceTree = "<group>";
		};
		6F2274262B6A4021003E5924 /* CityWeather */ = {
			isa = PBXGroup;
			children = (
				6F2274512B6A4062003E5924 /* Interfaces&Data */,
				6F2274522B6A4510003E5924 /* Adapters */,
				6F2274532B6A4531003E5924 /* AppBusiness */,
				6F2274542B6A453C003E5924 /* Entieties */,
				6F2274272B6A4021003E5924 /* CityWeatherApp.swift */,
				6F2274292B6A4021003E5924 /* ContentView.swift */,
				6F22742B2B6A4023003E5924 /* Assets.xcassets */,
				6F22742D2B6A4023003E5924 /* Preview Content */,
			);
			path = CityWeather;
			sourceTree = "<group>";
		};
		6F22742D2B6A4023003E5924 /* Preview Content */ = {
			isa = PBXGroup;
			children = (
				6F22742E2B6A4023003E5924 /* Preview Assets.xcassets */,
			);
			path = "Preview Content";
			sourceTree = "<group>";
		};
		6F2274372B6A4023003E5924 /* CityWeatherTests */ = {
			isa = PBXGroup;
			children = (
				6F2274382B6A4023003E5924 /* CityWeatherTests.swift */,
			);
			path = CityWeatherTests;
			sourceTree = "<group>";
		};
		6F2274412B6A4023003E5924 /* CityWeatherUITests */ = {
			isa = PBXGroup;
			children = (
				6F2274422B6A4023003E5924 /* CityWeatherUITests.swift */,
				6F2274442B6A4023003E5924 /* CityWeatherUITestsLaunchTests.swift */,
			);
			path = CityWeatherUITests;
			sourceTree = "<group>";
		};
		6F2274512B6A4062003E5924 /* Interfaces&Data */ = {
			isa = PBXGroup;
			children = (
				6F2274552B6A4899003E5924 /* Network */,
			);
			path = "Interfaces&Data";
			sourceTree = "<group>";
		};
		6F2274522B6A4510003E5924 /* Adapters */ = {
			isa = PBXGroup;
			children = (
			);
			path = Adapters;
			sourceTree = "<group>";
		};
		6F2274532B6A4531003E5924 /* AppBusiness */ = {
			isa = PBXGroup;
			children = (
			);
			path = AppBusiness;
			sourceTree = "<group>";
		};
		6F2274542B6A453C003E5924 /* Entieties */ = {
			isa = PBXGroup;
			children = (
				6F2274672B6A59C9003E5924 /* Weather */,
				6F2274652B6A4D56003E5924 /* API.swift */,
				6F22746C2B6A5BD7003E5924 /* City.swift */,
			);
			path = Entieties;
			sourceTree = "<group>";
		};
		6F2274552B6A4899003E5924 /* Network */ = {
			isa = PBXGroup;
			children = (
				6F2274562B6A48EE003E5924 /* NetworkServiceProtocol.swift */,
				6F22745D2B6A49BD003E5924 /* Services */,
			);
			path = Network;
			sourceTree = "<group>";
		};
		6F22745D2B6A49BD003E5924 /* Services */ = {
			isa = PBXGroup;
			children = (
				6F22745E2B6A49DB003E5924 /* NSWeather.swift */,
				6F2274602B6A4A10003E5924 /* Targets */,
			);
			path = Services;
			sourceTree = "<group>";
		};
		6F2274602B6A4A10003E5924 /* Targets */ = {
			isa = PBXGroup;
			children = (
				6F2274632B6A4B9D003E5924 /* WeatherTarget.swift */,
			);
			path = Targets;
			sourceTree = "<group>";
		};
		6F2274672B6A59C9003E5924 /* Weather */ = {
			isa = PBXGroup;
			children = (
				6F22746A2B6A5BC6003E5924 /* Weather.swift */,
				6F2274762B6A8BE3003E5924 /* Supplies */,
			);
			path = Weather;
			sourceTree = "<group>";
		};
		6F2274762B6A8BE3003E5924 /* Supplies */ = {
			isa = PBXGroup;
			children = (
				6F22746E2B6A5EAE003E5924 /* Athmosphere.swift */,
				6F2274742B6A8BA6003E5924 /* Wind.swift */,
				6F2274722B6A8B99003E5924 /* Clouds.swift */,
				6F2274702B6A896D003E5924 /* ReadableWeather.swift */,
				6F2274682B6A5A44003E5924 /* WeathersList.swift */,
			);
			path = Supplies;
			sourceTree = "<group>";
		};
/* End PBXGroup section */

/* Begin PBXNativeTarget section */
		6F2274232B6A4021003E5924 /* CityWeather */ = {
			isa = PBXNativeTarget;
			buildConfigurationList = 6F2274482B6A4023003E5924 /* Build configuration list for PBXNativeTarget "CityWeather" */;
			buildPhases = (
				6F2274202B6A4021003E5924 /* Sources */,
				6F2274212B6A4021003E5924 /* Frameworks */,
				6F2274222B6A4021003E5924 /* Resources */,
			);
			buildRules = (
			);
			dependencies = (
			);
			name = CityWeather;
			packageProductDependencies = (
				6F2274592B6A4985003E5924 /* Moya */,
				6F22745B2B6A4985003E5924 /* RxMoya */,
			);
			productName = CityWeather;
			productReference = 6F2274242B6A4021003E5924 /* CityWeather.app */;
			productType = "com.apple.product-type.application";
		};
		6F2274332B6A4023003E5924 /* CityWeatherTests */ = {
			isa = PBXNativeTarget;
			buildConfigurationList = 6F22744B2B6A4023003E5924 /* Build configuration list for PBXNativeTarget "CityWeatherTests" */;
			buildPhases = (
				6F2274302B6A4023003E5924 /* Sources */,
				6F2274312B6A4023003E5924 /* Frameworks */,
				6F2274322B6A4023003E5924 /* Resources */,
			);
			buildRules = (
			);
			dependencies = (
				6F2274362B6A4023003E5924 /* PBXTargetDependency */,
			);
			name = CityWeatherTests;
			productName = CityWeatherTests;
			productReference = 6F2274342B6A4023003E5924 /* CityWeatherTests.xctest */;
			productType = "com.apple.product-type.bundle.unit-test";
		};
		6F22743D2B6A4023003E5924 /* CityWeatherUITests */ = {
			isa = PBXNativeTarget;
			buildConfigurationList = 6F22744E2B6A4023003E5924 /* Build configuration list for PBXNativeTarget "CityWeatherUITests" */;
			buildPhases = (
				6F22743A2B6A4023003E5924 /* Sources */,
				6F22743B2B6A4023003E5924 /* Frameworks */,
				6F22743C2B6A4023003E5924 /* Resources */,
			);
			buildRules = (
			);
			dependencies = (
				6F2274402B6A4023003E5924 /* PBXTargetDependency */,
			);
			name = CityWeatherUITests;
			productName = CityWeatherUITests;
			productReference = 6F22743E2B6A4023003E5924 /* CityWeatherUITests.xctest */;
			productType = "com.apple.product-type.bundle.ui-testing";
		};
/* End PBXNativeTarget section */

/* Begin PBXProject section */
		6F22741C2B6A4021003E5924 /* Project object */ = {
			isa = PBXProject;
			attributes = {
				BuildIndependentTargetsInParallel = 1;
				LastSwiftUpdateCheck = 1500;
				LastUpgradeCheck = 1500;
				TargetAttributes = {
					6F2274232B6A4021003E5924 = {
						CreatedOnToolsVersion = 15.0.1;
					};
					6F2274332B6A4023003E5924 = {
						CreatedOnToolsVersion = 15.0.1;
						TestTargetID = 6F2274232B6A4021003E5924;
					};
					6F22743D2B6A4023003E5924 = {
						CreatedOnToolsVersion = 15.0.1;
						TestTargetID = 6F2274232B6A4021003E5924;
					};
				};
			};
			buildConfigurationList = 6F22741F2B6A4021003E5924 /* Build configuration list for PBXProject "CityWeather" */;
			compatibilityVersion = "Xcode 14.0";
			developmentRegion = en;
			hasScannedForEncodings = 0;
			knownRegions = (
				en,
				Base,
			);
			mainGroup = 6F22741B2B6A4021003E5924;
			packageReferences = (
				6F2274582B6A4985003E5924 /* XCRemoteSwiftPackageReference "Moya" */,
			);
			productRefGroup = 6F2274252B6A4021003E5924 /* Products */;
			projectDirPath = "";
			projectRoot = "";
			targets = (
				6F2274232B6A4021003E5924 /* CityWeather */,
				6F2274332B6A4023003E5924 /* CityWeatherTests */,
				6F22743D2B6A4023003E5924 /* CityWeatherUITests */,
			);
		};
/* End PBXProject section */

/* Begin PBXResourcesBuildPhase section */
		6F2274222B6A4021003E5924 /* Resources */ = {
			isa = PBXResourcesBuildPhase;
			buildActionMask = 2147483647;
			files = (
				6F22742F2B6A4023003E5924 /* Preview Assets.xcassets in Resources */,
				6F22742C2B6A4023003E5924 /* Assets.xcassets in Resources */,
			);
			runOnlyForDeploymentPostprocessing = 0;
		};
		6F2274322B6A4023003E5924 /* Resources */ = {
			isa = PBXResourcesBuildPhase;
			buildActionMask = 2147483647;
			files = (
			);
			runOnlyForDeploymentPostprocessing = 0;
		};
		6F22743C2B6A4023003E5924 /* Resources */ = {
			isa = PBXResourcesBuildPhase;
			buildActionMask = 2147483647;
			files = (
			);
			runOnlyForDeploymentPostprocessing = 0;
		};
/* End PBXResourcesBuildPhase section */

/* Begin PBXSourcesBuildPhase section */
		6F2274202B6A4021003E5924 /* Sources */ = {
			isa = PBXSourcesBuildPhase;
			buildActionMask = 2147483647;
			files = (
				6F22742A2B6A4021003E5924 /* ContentView.swift in Sources */,
				6F2274572B6A48EE003E5924 /* NetworkServiceProtocol.swift in Sources */,
				6F22746D2B6A5BD7003E5924 /* City.swift in Sources */,
				6F2274282B6A4021003E5924 /* CityWeatherApp.swift in Sources */,
				6F22746F2B6A5EAE003E5924 /* Athmosphere.swift in Sources */,
				6F22746B2B6A5BC6003E5924 /* Weather.swift in Sources */,
				6F2274642B6A4B9D003E5924 /* WeatherTarget.swift in Sources */,
				6F2274662B6A4D56003E5924 /* API.swift in Sources */,
				6F22745F2B6A49DB003E5924 /* NSWeather.swift in Sources */,
				6F2274732B6A8B99003E5924 /* Clouds.swift in Sources */,
				6F2274712B6A896D003E5924 /* ReadableWeather.swift in Sources */,
				6F2274692B6A5A44003E5924 /* WeathersList.swift in Sources */,
				6F2274752B6A8BA6003E5924 /* Wind.swift in Sources */,
			);
			runOnlyForDeploymentPostprocessing = 0;
		};
		6F2274302B6A4023003E5924 /* Sources */ = {
			isa = PBXSourcesBuildPhase;
			buildActionMask = 2147483647;
			files = (
				6F2274392B6A4023003E5924 /* CityWeatherTests.swift in Sources */,
			);
			runOnlyForDeploymentPostprocessing = 0;
		};
		6F22743A2B6A4023003E5924 /* Sources */ = {
			isa = PBXSourcesBuildPhase;
			buildActionMask = 2147483647;
			files = (
				6F2274452B6A4023003E5924 /* CityWeatherUITestsLaunchTests.swift in Sources */,
				6F2274432B6A4023003E5924 /* CityWeatherUITests.swift in Sources */,
			);
			runOnlyForDeploymentPostprocessing = 0;
		};
/* End PBXSourcesBuildPhase section */

/* Begin PBXTargetDependency section */
		6F2274362B6A4023003E5924 /* PBXTargetDependency */ = {
			isa = PBXTargetDependency;
			target = 6F2274232B6A4021003E5924 /* CityWeather */;
			targetProxy = 6F2274352B6A4023003E5924 /* PBXContainerItemProxy */;
		};
		6F2274402B6A4023003E5924 /* PBXTargetDependency */ = {
			isa = PBXTargetDependency;
			target = 6F2274232B6A4021003E5924 /* CityWeather */;
			targetProxy = 6F22743F2B6A4023003E5924 /* PBXContainerItemProxy */;
		};
/* End PBXTargetDependency section */

/* Begin XCBuildConfiguration section */
		6F2274462B6A4023003E5924 /* Debug */ = {
			isa = XCBuildConfiguration;
			buildSettings = {
				ALWAYS_SEARCH_USER_PATHS = NO;
				ASSETCATALOG_COMPILER_GENERATE_SWIFT_ASSET_SYMBOL_EXTENSIONS = YES;
				CLANG_ANALYZER_NONNULL = YES;
				CLANG_ANALYZER_NUMBER_OBJECT_CONVERSION = YES_AGGRESSIVE;
				CLANG_CXX_LANGUAGE_STANDARD = "gnu++20";
				CLANG_ENABLE_MODULES = YES;
				CLANG_ENABLE_OBJC_ARC = YES;
				CLANG_ENABLE_OBJC_WEAK = YES;
				CLANG_WARN_BLOCK_CAPTURE_AUTORELEASING = YES;
				CLANG_WARN_BOOL_CONVERSION = YES;
				CLANG_WARN_COMMA = YES;
				CLANG_WARN_CONSTANT_CONVERSION = YES;
				CLANG_WARN_DEPRECATED_OBJC_IMPLEMENTATIONS = YES;
				CLANG_WARN_DIRECT_OBJC_ISA_USAGE = YES_ERROR;
				CLANG_WARN_DOCUMENTATION_COMMENTS = YES;
				CLANG_WARN_EMPTY_BODY = YES;
				CLANG_WARN_ENUM_CONVERSION = YES;
				CLANG_WARN_INFINITE_RECURSION = YES;
				CLANG_WARN_INT_CONVERSION = YES;
				CLANG_WARN_NON_LITERAL_NULL_CONVERSION = YES;
				CLANG_WARN_OBJC_IMPLICIT_RETAIN_SELF = YES;
				CLANG_WARN_OBJC_LITERAL_CONVERSION = YES;
				CLANG_WARN_OBJC_ROOT_CLASS = YES_ERROR;
				CLANG_WARN_QUOTED_INCLUDE_IN_FRAMEWORK_HEADER = YES;
				CLANG_WARN_RANGE_LOOP_ANALYSIS = YES;
				CLANG_WARN_STRICT_PROTOTYPES = YES;
				CLANG_WARN_SUSPICIOUS_MOVE = YES;
				CLANG_WARN_UNGUARDED_AVAILABILITY = YES_AGGRESSIVE;
				CLANG_WARN_UNREACHABLE_CODE = YES;
				CLANG_WARN__DUPLICATE_METHOD_MATCH = YES;
				COPY_PHASE_STRIP = NO;
				DEBUG_INFORMATION_FORMAT = dwarf;
				ENABLE_STRICT_OBJC_MSGSEND = YES;
				ENABLE_TESTABILITY = YES;
				ENABLE_USER_SCRIPT_SANDBOXING = YES;
				GCC_C_LANGUAGE_STANDARD = gnu17;
				GCC_DYNAMIC_NO_PIC = NO;
				GCC_NO_COMMON_BLOCKS = YES;
				GCC_OPTIMIZATION_LEVEL = 0;
				GCC_PREPROCESSOR_DEFINITIONS = (
					"DEBUG=1",
					"$(inherited)",
				);
				GCC_WARN_64_TO_32_BIT_CONVERSION = YES;
				GCC_WARN_ABOUT_RETURN_TYPE = YES_ERROR;
				GCC_WARN_UNDECLARED_SELECTOR = YES;
				GCC_WARN_UNINITIALIZED_AUTOS = YES_AGGRESSIVE;
				GCC_WARN_UNUSED_FUNCTION = YES;
				GCC_WARN_UNUSED_VARIABLE = YES;
				IPHONEOS_DEPLOYMENT_TARGET = 17.0;
				LOCALIZATION_PREFERS_STRING_CATALOGS = YES;
				MTL_ENABLE_DEBUG_INFO = INCLUDE_SOURCE;
				MTL_FAST_MATH = YES;
				ONLY_ACTIVE_ARCH = YES;
				SDKROOT = iphoneos;
				SWIFT_ACTIVE_COMPILATION_CONDITIONS = "DEBUG $(inherited)";
				SWIFT_OPTIMIZATION_LEVEL = "-Onone";
			};
			name = Debug;
		};
		6F2274472B6A4023003E5924 /* Release */ = {
			isa = XCBuildConfiguration;
			buildSettings = {
				ALWAYS_SEARCH_USER_PATHS = NO;
				ASSETCATALOG_COMPILER_GENERATE_SWIFT_ASSET_SYMBOL_EXTENSIONS = YES;
				CLANG_ANALYZER_NONNULL = YES;
				CLANG_ANALYZER_NUMBER_OBJECT_CONVERSION = YES_AGGRESSIVE;
				CLANG_CXX_LANGUAGE_STANDARD = "gnu++20";
				CLANG_ENABLE_MODULES = YES;
				CLANG_ENABLE_OBJC_ARC = YES;
				CLANG_ENABLE_OBJC_WEAK = YES;
				CLANG_WARN_BLOCK_CAPTURE_AUTORELEASING = YES;
				CLANG_WARN_BOOL_CONVERSION = YES;
				CLANG_WARN_COMMA = YES;
				CLANG_WARN_CONSTANT_CONVERSION = YES;
				CLANG_WARN_DEPRECATED_OBJC_IMPLEMENTATIONS = YES;
				CLANG_WARN_DIRECT_OBJC_ISA_USAGE = YES_ERROR;
				CLANG_WARN_DOCUMENTATION_COMMENTS = YES;
				CLANG_WARN_EMPTY_BODY = YES;
				CLANG_WARN_ENUM_CONVERSION = YES;
				CLANG_WARN_INFINITE_RECURSION = YES;
				CLANG_WARN_INT_CONVERSION = YES;
				CLANG_WARN_NON_LITERAL_NULL_CONVERSION = YES;
				CLANG_WARN_OBJC_IMPLICIT_RETAIN_SELF = YES;
				CLANG_WARN_OBJC_LITERAL_CONVERSION = YES;
				CLANG_WARN_OBJC_ROOT_CLASS = YES_ERROR;
				CLANG_WARN_QUOTED_INCLUDE_IN_FRAMEWORK_HEADER = YES;
				CLANG_WARN_RANGE_LOOP_ANALYSIS = YES;
				CLANG_WARN_STRICT_PROTOTYPES = YES;
				CLANG_WARN_SUSPICIOUS_MOVE = YES;
				CLANG_WARN_UNGUARDED_AVAILABILITY = YES_AGGRESSIVE;
				CLANG_WARN_UNREACHABLE_CODE = YES;
				CLANG_WARN__DUPLICATE_METHOD_MATCH = YES;
				COPY_PHASE_STRIP = NO;
				DEBUG_INFORMATION_FORMAT = "dwarf-with-dsym";
				ENABLE_NS_ASSERTIONS = NO;
				ENABLE_STRICT_OBJC_MSGSEND = YES;
				ENABLE_USER_SCRIPT_SANDBOXING = YES;
				GCC_C_LANGUAGE_STANDARD = gnu17;
				GCC_NO_COMMON_BLOCKS = YES;
				GCC_WARN_64_TO_32_BIT_CONVERSION = YES;
				GCC_WARN_ABOUT_RETURN_TYPE = YES_ERROR;
				GCC_WARN_UNDECLARED_SELECTOR = YES;
				GCC_WARN_UNINITIALIZED_AUTOS = YES_AGGRESSIVE;
				GCC_WARN_UNUSED_FUNCTION = YES;
				GCC_WARN_UNUSED_VARIABLE = YES;
				IPHONEOS_DEPLOYMENT_TARGET = 17.0;
				LOCALIZATION_PREFERS_STRING_CATALOGS = YES;
				MTL_ENABLE_DEBUG_INFO = NO;
				MTL_FAST_MATH = YES;
				SDKROOT = iphoneos;
				SWIFT_COMPILATION_MODE = wholemodule;
				VALIDATE_PRODUCT = YES;
			};
			name = Release;
		};
		6F2274492B6A4023003E5924 /* Debug */ = {
			isa = XCBuildConfiguration;
			buildSettings = {
				ASSETCATALOG_COMPILER_APPICON_NAME = AppIcon;
				ASSETCATALOG_COMPILER_GLOBAL_ACCENT_COLOR_NAME = AccentColor;
				CODE_SIGN_STYLE = Automatic;
				CURRENT_PROJECT_VERSION = 1;
				DEVELOPMENT_ASSET_PATHS = "\"CityWeather/Preview Content\"";
				DEVELOPMENT_TEAM = 6DK4F289FT;
				ENABLE_PREVIEWS = YES;
				GENERATE_INFOPLIST_FILE = YES;
				INFOPLIST_KEY_UIApplicationSceneManifest_Generation = YES;
				INFOPLIST_KEY_UIApplicationSupportsIndirectInputEvents = YES;
				INFOPLIST_KEY_UILaunchScreen_Generation = YES;
				INFOPLIST_KEY_UISupportedInterfaceOrientations_iPad = "UIInterfaceOrientationPortrait UIInterfaceOrientationPortraitUpsideDown UIInterfaceOrientationLandscapeLeft UIInterfaceOrientationLandscapeRight";
				INFOPLIST_KEY_UISupportedInterfaceOrientations_iPhone = "UIInterfaceOrientationPortrait UIInterfaceOrientationLandscapeLeft UIInterfaceOrientationLandscapeRight";
				LD_RUNPATH_SEARCH_PATHS = (
					"$(inherited)",
					"@executable_path/Frameworks",
				);
				MARKETING_VERSION = 1.0;
				PRODUCT_BUNDLE_IDENTIFIER = com.krupa.CityWeather;
				PRODUCT_NAME = "$(TARGET_NAME)";
				SWIFT_EMIT_LOC_STRINGS = YES;
				SWIFT_VERSION = 5.0;
				TARGETED_DEVICE_FAMILY = "1,2";
			};
			name = Debug;
		};
		6F22744A2B6A4023003E5924 /* Release */ = {
			isa = XCBuildConfiguration;
			buildSettings = {
				ASSETCATALOG_COMPILER_APPICON_NAME = AppIcon;
				ASSETCATALOG_COMPILER_GLOBAL_ACCENT_COLOR_NAME = AccentColor;
				CODE_SIGN_STYLE = Automatic;
				CURRENT_PROJECT_VERSION = 1;
				DEVELOPMENT_ASSET_PATHS = "\"CityWeather/Preview Content\"";
				DEVELOPMENT_TEAM = 6DK4F289FT;
				ENABLE_PREVIEWS = YES;
				GENERATE_INFOPLIST_FILE = YES;
				INFOPLIST_KEY_UIApplicationSceneManifest_Generation = YES;
				INFOPLIST_KEY_UIApplicationSupportsIndirectInputEvents = YES;
				INFOPLIST_KEY_UILaunchScreen_Generation = YES;
				INFOPLIST_KEY_UISupportedInterfaceOrientations_iPad = "UIInterfaceOrientationPortrait UIInterfaceOrientationPortraitUpsideDown UIInterfaceOrientationLandscapeLeft UIInterfaceOrientationLandscapeRight";
				INFOPLIST_KEY_UISupportedInterfaceOrientations_iPhone = "UIInterfaceOrientationPortrait UIInterfaceOrientationLandscapeLeft UIInterfaceOrientationLandscapeRight";
				LD_RUNPATH_SEARCH_PATHS = (
					"$(inherited)",
					"@executable_path/Frameworks",
				);
				MARKETING_VERSION = 1.0;
				PRODUCT_BUNDLE_IDENTIFIER = com.krupa.CityWeather;
				PRODUCT_NAME = "$(TARGET_NAME)";
				SWIFT_EMIT_LOC_STRINGS = YES;
				SWIFT_VERSION = 5.0;
				TARGETED_DEVICE_FAMILY = "1,2";
			};
			name = Release;
		};
		6F22744C2B6A4023003E5924 /* Debug */ = {
			isa = XCBuildConfiguration;
			buildSettings = {
				ALWAYS_EMBED_SWIFT_STANDARD_LIBRARIES = YES;
				BUNDLE_LOADER = "$(TEST_HOST)";
				CODE_SIGN_STYLE = Automatic;
				CURRENT_PROJECT_VERSION = 1;
				DEVELOPMENT_TEAM = 6DK4F289FT;
				GENERATE_INFOPLIST_FILE = YES;
				IPHONEOS_DEPLOYMENT_TARGET = 17.0;
				MARKETING_VERSION = 1.0;
				PRODUCT_BUNDLE_IDENTIFIER = com.krupa.CityWeatherTests;
				PRODUCT_NAME = "$(TARGET_NAME)";
				SWIFT_EMIT_LOC_STRINGS = NO;
				SWIFT_VERSION = 5.0;
				TARGETED_DEVICE_FAMILY = "1,2";
				TEST_HOST = "$(BUILT_PRODUCTS_DIR)/CityWeather.app/$(BUNDLE_EXECUTABLE_FOLDER_PATH)/CityWeather";
			};
			name = Debug;
		};
		6F22744D2B6A4023003E5924 /* Release */ = {
			isa = XCBuildConfiguration;
			buildSettings = {
				ALWAYS_EMBED_SWIFT_STANDARD_LIBRARIES = YES;
				BUNDLE_LOADER = "$(TEST_HOST)";
				CODE_SIGN_STYLE = Automatic;
				CURRENT_PROJECT_VERSION = 1;
				DEVELOPMENT_TEAM = 6DK4F289FT;
				GENERATE_INFOPLIST_FILE = YES;
				IPHONEOS_DEPLOYMENT_TARGET = 17.0;
				MARKETING_VERSION = 1.0;
				PRODUCT_BUNDLE_IDENTIFIER = com.krupa.CityWeatherTests;
				PRODUCT_NAME = "$(TARGET_NAME)";
				SWIFT_EMIT_LOC_STRINGS = NO;
				SWIFT_VERSION = 5.0;
				TARGETED_DEVICE_FAMILY = "1,2";
				TEST_HOST = "$(BUILT_PRODUCTS_DIR)/CityWeather.app/$(BUNDLE_EXECUTABLE_FOLDER_PATH)/CityWeather";
			};
			name = Release;
		};
		6F22744F2B6A4023003E5924 /* Debug */ = {
			isa = XCBuildConfiguration;
			buildSettings = {
				ALWAYS_EMBED_SWIFT_STANDARD_LIBRARIES = YES;
				CODE_SIGN_STYLE = Automatic;
				CURRENT_PROJECT_VERSION = 1;
				DEVELOPMENT_TEAM = 6DK4F289FT;
				GENERATE_INFOPLIST_FILE = YES;
				MARKETING_VERSION = 1.0;
				PRODUCT_BUNDLE_IDENTIFIER = com.krupa.CityWeatherUITests;
				PRODUCT_NAME = "$(TARGET_NAME)";
				SWIFT_EMIT_LOC_STRINGS = NO;
				SWIFT_VERSION = 5.0;
				TARGETED_DEVICE_FAMILY = "1,2";
				TEST_TARGET_NAME = CityWeather;
			};
			name = Debug;
		};
		6F2274502B6A4023003E5924 /* Release */ = {
			isa = XCBuildConfiguration;
			buildSettings = {
				ALWAYS_EMBED_SWIFT_STANDARD_LIBRARIES = YES;
				CODE_SIGN_STYLE = Automatic;
				CURRENT_PROJECT_VERSION = 1;
				DEVELOPMENT_TEAM = 6DK4F289FT;
				GENERATE_INFOPLIST_FILE = YES;
				MARKETING_VERSION = 1.0;
				PRODUCT_BUNDLE_IDENTIFIER = com.krupa.CityWeatherUITests;
				PRODUCT_NAME = "$(TARGET_NAME)";
				SWIFT_EMIT_LOC_STRINGS = NO;
				SWIFT_VERSION = 5.0;
				TARGETED_DEVICE_FAMILY = "1,2";
				TEST_TARGET_NAME = CityWeather;
			};
			name = Release;
		};
/* End XCBuildConfiguration section */

/* Begin XCConfigurationList section */
		6F22741F2B6A4021003E5924 /* Build configuration list for PBXProject "CityWeather" */ = {
			isa = XCConfigurationList;
			buildConfigurations = (
				6F2274462B6A4023003E5924 /* Debug */,
				6F2274472B6A4023003E5924 /* Release */,
			);
			defaultConfigurationIsVisible = 0;
			defaultConfigurationName = Release;
		};
		6F2274482B6A4023003E5924 /* Build configuration list for PBXNativeTarget "CityWeather" */ = {
			isa = XCConfigurationList;
			buildConfigurations = (
				6F2274492B6A4023003E5924 /* Debug */,
				6F22744A2B6A4023003E5924 /* Release */,
			);
			defaultConfigurationIsVisible = 0;
			defaultConfigurationName = Release;
		};
		6F22744B2B6A4023003E5924 /* Build configuration list for PBXNativeTarget "CityWeatherTests" */ = {
			isa = XCConfigurationList;
			buildConfigurations = (
				6F22744C2B6A4023003E5924 /* Debug */,
				6F22744D2B6A4023003E5924 /* Release */,
			);
			defaultConfigurationIsVisible = 0;
			defaultConfigurationName = Release;
		};
		6F22744E2B6A4023003E5924 /* Build configuration list for PBXNativeTarget "CityWeatherUITests" */ = {
			isa = XCConfigurationList;
			buildConfigurations = (
				6F22744F2B6A4023003E5924 /* Debug */,
				6F2274502B6A4023003E5924 /* Release */,
			);
			defaultConfigurationIsVisible = 0;
			defaultConfigurationName = Release;
		};
/* End XCConfigurationList section */

/* Begin XCRemoteSwiftPackageReference section */
		6F2274582B6A4985003E5924 /* XCRemoteSwiftPackageReference "Moya" */ = {
			isa = XCRemoteSwiftPackageReference;
			repositoryURL = "https://github.com/Moya/Moya";
			requirement = {
				kind = upToNextMajorVersion;
				minimumVersion = 15.0.3;
			};
		};
/* End XCRemoteSwiftPackageReference section */

/* Begin XCSwiftPackageProductDependency section */
		6F2274592B6A4985003E5924 /* Moya */ = {
			isa = XCSwiftPackageProductDependency;
			package = 6F2274582B6A4985003E5924 /* XCRemoteSwiftPackageReference "Moya" */;
			productName = Moya;
		};
		6F22745B2B6A4985003E5924 /* RxMoya */ = {
			isa = XCSwiftPackageProductDependency;
			package = 6F2274582B6A4985003E5924 /* XCRemoteSwiftPackageReference "Moya" */;
			productName = RxMoya;
		};
/* End XCSwiftPackageProductDependency section */
	};
	rootObject = 6F22741C2B6A4021003E5924 /* Project object */;
}
